
Microsoft Visual Studio Solution File, Format Version 12.00
# Visual Studio Version 17
VisualStudioVersion = 17.1.32210.238
MinimumVisualStudioVersion = 10.0.40219.1
Project("{FAE04EC0-301F-11D3-BF4B-00C04F79EFBC}") = "Scala.Overerving.Wpf", "Scala.Overerving.Wpf\Scala.Overerving.Wpf.csproj", "{FAD50FF3-A1AA-4249-875B-1C7A52841939}"
EndProject
Project("{FAE04EC0-301F-11D3-BF4B-00C04F79EFBC}") = "Scala.Overerving.Core", "Scala.Overerving.Core\Scala.Overerving.Core.csproj", "{E52E45A1-969F-44B1-9FF6-7B25F4FAE133}"
EndProject
Global
	GlobalSection(SolutionConfigurationPlatforms) = preSolution
		Debug|Any CPU = Debug|Any CPU
		Release|Any CPU = Release|Any CPU
	EndGlobalSection
	GlobalSection(ProjectConfigurationPlatforms) = postSolution
		{FAD50FF3-A1AA-4249-875B-1C7A52841939}.Debug|Any CPU.ActiveCfg = Debug|Any CPU
		{FAD50FF3-A1AA-4249-875B-1C7A52841939}.Debug|Any CPU.Build.0 = Debug|Any CPU
		{FAD50FF3-A1AA-4249-875B-1C7A52841939}.Release|Any CPU.ActiveCfg = Release|Any CPU
		{FAD50FF3-A1AA-4249-875B-1C7A52841939}.Release|Any CPU.Build.0 = Release|Any CPU
		{E52E45A1-969F-44B1-9FF6-7B25F4FAE133}.Debug|Any CPU.ActiveCfg = Debug|Any CPU
		{E52E45A1-969F-44B1-9FF6-7B25F4FAE133}.Debug|Any CPU.Build.0 = Debug|Any CPU
		{E52E45A1-969F-44B1-9FF6-7B25F4FAE133}.Release|Any CPU.ActiveCfg = Release|Any CPU
		{E52E45A1-969F-44B1-9FF6-7B25F4FAE133}.Release|Any CPU.Build.0 = Release|Any CPU
	EndGlobalSection
	GlobalSection(SolutionProperties) = preSolution
		HideSolutionNode = FALSE
	EndGlobalSection
	GlobalSection(ExtensibilityGlobals) = postSolution
		SolutionGuid = {0C506B00-4497-41D1-A532-18698118C6E9}
	EndGlobalSection
EndGlobal
